
Microsoft Visual Studio Solution File, Format Version 12.00
# Visual Studio Version 16
VisualStudioVersion = 16.0.30320.27
MinimumVisualStudioVersion = 10.0.40219.1
Project("{FAE04EC0-301F-11D3-BF4B-00C04F79EFBC}") = "SpGUI", "SpGUI.csproj", "{2E86E76E-165D-4EE7-AB07-C407FB5F9160}"
EndProject
Global
	GlobalSection(SolutionConfigurationPlatforms) = preSolution
		Debug|Any CPU = Debug|Any CPU
		Release|Any CPU = Release|Any CPU
	EndGlobalSection
	GlobalSection(ProjectConfigurationPlatforms) = postSolution
		{2E86E76E-165D-4EE7-AB07-C407FB5F9160}.Debug|Any CPU.ActiveCfg = Debug|Any CPU
		{2E86E76E-165D-4EE7-AB07-C407FB5F9160}.Debug|Any CPU.Build.0 = Debug|Any CPU
		{2E86E76E-165D-4EE7-AB07-C407FB5F9160}.Release|Any CPU.ActiveCfg = Release|Any CPU
		{2E86E76E-165D-4EE7-AB07-C407FB5F9160}.Release|Any CPU.Build.0 = Release|Any CPU
	EndGlobalSection
	GlobalSection(SolutionProperties) = preSolution
		HideSolutionNode = FALSE
	EndGlobalSection
	GlobalSection(ExtensibilityGlobals) = postSolution
		SolutionGuid = {E800226B-44C5-4C8B-B0C9-F974D7873EAA}
	EndGlobalSection
EndGlobal
